# THIS IS AN AUTOGENERATED FILE. DO NOT EDIT THIS FILE DIRECTLY.
# yarn lockfile v1


"@openzeppelin/contracts@^2.5.1":
  "integrity" "sha512-qIy6tLx8rtybEsIOAlrM4J/85s2q2nPkDqj/Rx46VakBZ0LwtFhXIVub96LXHczQX0vaqmAueDqNPXtbSXSaYQ=="
  "resolved" "https://registry.npmjs.org/@openzeppelin/contracts/-/contracts-2.5.1.tgz"
  "version" "2.5.1"
